// !$*UTF8*$!
{
	archiveVersion = 1;
	classes = {
	};
	objectVersion = 46;
	objects = {

/* Begin PBXBuildFile section */
		18017A451C3F8BF700DB9EF8 /* ZYUnlockView.m in Sources */ = {isa = PBXBuildFile; fileRef = 18017A441C3F8BF700DB9EF8 /* ZYUnlockView.m */; };
		18017A491C3F8C9400DB9EF8 /* ZYBGView.m in Sources */ = {isa = PBXBuildFile; fileRef = 18017A481C3F8C9400DB9EF8 /* ZYBGView.m */; };
		18017A4D1C3F8FB700DB9EF8 /* Assets.xcassets in Resources */ = {isa = PBXBuildFile; fileRef = 18017A4C1C3F8FB700DB9EF8 /* Assets.xcassets */; };
		1829BC271C3F895800388007 /* main.m in Sources */ = {isa = PBXBuildFile; fileRef = 1829BC261C3F895800388007 /* main.m */; };
		1829BC2A1C3F895800388007 /* AppDelegate.m in Sources */ = {isa = PBXBuildFile; fileRef = 1829BC291C3F895800388007 /* AppDelegate.m */; };
		1829BC2D1C3F895800388007 /* ViewController.m in Sources */ = {isa = PBXBuildFile; fileRef = 1829BC2C1C3F895800388007 /* ViewController.m */; };
		1829BC301C3F895800388007 /* Main.storyboard in Resources */ = {isa = PBXBuildFile; fileRef = 1829BC2E1C3F895800388007 /* Main.storyboard */; };
		1829BC351C3F895800388007 /* LaunchScreen.storyboard in Resources */ = {isa = PBXBuildFile; fileRef = 1829BC331C3F895800388007 /* LaunchScreen.storyboard */; };
		1B750A4D07CAF74C8339A10B /* libPods.a in Frameworks */ = {isa = PBXBuildFile; fileRef = D4999382D5D2D42CC90009B5 /* libPods.a */; };
/* End PBXBuildFile section */

/* Begin PBXFileReference section */
		18017A431C3F8BF700DB9EF8 /* ZYUnlockView.h */ = {isa = PBXFileReference; fileEncoding = 4; lastKnownFileType = sourcecode.c.h; path = ZYUnlockView.h; sourceTree = "<group>"; };
		18017A441C3F8BF700DB9EF8 /* ZYUnlockView.m */ = {isa = PBXFileReference; fileEncoding = 4; lastKnownFileType = sourcecode.c.objc; path = ZYUnlockView.m; sourceTree = "<group>"; };
		18017A461C3F8C0900DB9EF8 /* PrefixHeader.pch */ = {isa = PBXFileReference; lastKnownFileType = sourcecode.c.h; path = PrefixHeader.pch; sourceTree = "<group>"; };
		18017A471C3F8C9400DB9EF8 /* ZYBGView.h */ = {isa = PBXFileReference; fileEncoding = 4; lastKnownFileType = sourcecode.c.h; path = ZYBGView.h; sourceTree = "<group>"; };
		18017A481C3F8C9400DB9EF8 /* ZYBGView.m */ = {isa = PBXFileReference; fileEncoding = 4; lastKnownFileType = sourcecode.c.objc; path = ZYBGView.m; sourceTree = "<group>"; };
		18017A4C1C3F8FB700DB9EF8 /* Assets.xcassets */ = {isa = PBXFileReference; lastKnownFileType = folder.assetcatalog; path = Assets.xcassets; sourceTree = "<group>"; };
		1829BC221C3F895800388007 /* 手势解锁.app */ = {isa = PBXFileReference; explicitFileType = wrapper.application; includeInIndex = 0; path = "手势解锁.app"; sourceTree = BUILT_PRODUCTS_DIR; };
		1829BC261C3F895800388007 /* main.m */ = {isa = PBXFileReference; lastKnownFileType = sourcecode.c.objc; path = main.m; sourceTree = "<group>"; };
		1829BC281C3F895800388007 /* AppDelegate.h */ = {isa = PBXFileReference; lastKnownFileType = sourcecode.c.h; path = AppDelegate.h; sourceTree = "<group>"; };
		1829BC291C3F895800388007 /* AppDelegate.m */ = {isa = PBXFileReference; lastKnownFileType = sourcecode.c.objc; path = AppDelegate.m; sourceTree = "<group>"; };
		1829BC2B1C3F895800388007 /* ViewController.h */ = {isa = PBXFileReference; lastKnownFileType = sourcecode.c.h; path = ViewController.h; sourceTree = "<group>"; };
		1829BC2C1C3F895800388007 /* ViewController.m */ = {isa = PBXFileReference; lastKnownFileType = sourcecode.c.objc; path = ViewController.m; sourceTree = "<group>"; };
		1829BC2F1C3F895800388007 /* Base */ = {isa = PBXFileReference; lastKnownFileType = file.storyboard; name = Base; path = Base.lproj/Main.storyboard; sourceTree = "<group>"; };
		1829BC341C3F895800388007 /* Base */ = {isa = PBXFileReference; lastKnownFileType = file.storyboard; name = Base; path = Base.lproj/LaunchScreen.storyboard; sourceTree = "<group>"; };
		1829BC361C3F895800388007 /* Info.plist */ = {isa = PBXFileReference; lastKnownFileType = text.plist.xml; path = Info.plist; sourceTree = "<group>"; };
		A8D6F008DDD4AFED4B459C87 /* Pods.debug.xcconfig */ = {isa = PBXFileReference; includeInIndex = 1; lastKnownFileType = text.xcconfig; name = Pods.debug.xcconfig; path = "Pods/Target Support Files/Pods/Pods.debug.xcconfig"; sourceTree = "<group>"; };
		D4999382D5D2D42CC90009B5 /* libPods.a */ = {isa = PBXFileReference; explicitFileType = archive.ar; includeInIndex = 0; path = libPods.a; sourceTree = BUILT_PRODUCTS_DIR; };
		DC80BECF37063BA6DC858646 /* Pods.release.xcconfig */ = {isa = PBXFileReference; includeInIndex = 1; lastKnownFileType = text.xcconfig; name = Pods.release.xcconfig; path = "Pods/Target Support Files/Pods/Pods.release.xcconfig"; sourceTree = "<group>"; };
/* End PBXFileReference section */

/* Begin PBXFrameworksBuildPhase section */
		1829BC1F1C3F895800388007 /* Frameworks */ = {
			isa = PBXFrameworksBuildPhase;
			buildActionMask = 2147483647;
			files = (
				1B750A4D07CAF74C8339A10B /* libPods.a in Frameworks */,
			);
			runOnlyForDeploymentPostprocessing = 0;
		};
/* End PBXFrameworksBuildPhase section */

/* Begin PBXGroup section */
		1829BC191C3F895800388007 = {
			isa = PBXGroup;
			children = (
				1829BC241C3F895800388007 /* 手势解锁 */,
				1829BC231C3F895800388007 /* Products */,
				9CDF1FDC2C88E9EF63816FEA /* Pods */,
				65113F1281A49C3A7DBA8B55 /* Frameworks */,
			);
			sourceTree = "<group>";
		};
		1829BC231C3F895800388007 /* Products */ = {
			isa = PBXGroup;
			children = (
				1829BC221C3F895800388007 /* 手势解锁.app */,
			);
			name = Products;
			sourceTree = "<group>";
		};
		1829BC241C3F895800388007 /* 手势解锁 */ = {
			isa = PBXGroup;
			children = (
				1829BC281C3F895800388007 /* AppDelegate.h */,
				1829BC291C3F895800388007 /* AppDelegate.m */,
				1829BC2B1C3F895800388007 /* ViewController.h */,
				1829BC2C1C3F895800388007 /* ViewController.m */,
				18017A431C3F8BF700DB9EF8 /* ZYUnlockView.h */,
				18017A441C3F8BF700DB9EF8 /* ZYUnlockView.m */,
				18017A471C3F8C9400DB9EF8 /* ZYBGView.h */,
				18017A481C3F8C9400DB9EF8 /* ZYBGView.m */,
				1829BC2E1C3F895800388007 /* Main.storyboard */,
				18017A4C1C3F8FB700DB9EF8 /* Assets.xcassets */,
				1829BC331C3F895800388007 /* LaunchScreen.storyboard */,
				1829BC361C3F895800388007 /* Info.plist */,
				1829BC251C3F895800388007 /* Supporting Files */,
			);
			path = "手势解锁";
			sourceTree = "<group>";
		};
		1829BC251C3F895800388007 /* Supporting Files */ = {
			isa = PBXGroup;
			children = (
				1829BC261C3F895800388007 /* main.m */,
				18017A461C3F8C0900DB9EF8 /* PrefixHeader.pch */,
			);
			name = "Supporting Files";
			sourceTree = "<group>";
		};
		65113F1281A49C3A7DBA8B55 /* Frameworks */ = {
			isa = PBXGroup;
			children = (
				D4999382D5D2D42CC90009B5 /* libPods.a */,
			);
			name = Frameworks;
			sourceTree = "<group>";
		};
		9CDF1FDC2C88E9EF63816FEA /* Pods */ = {
			isa = PBXGroup;
			children = (
				A8D6F008DDD4AFED4B459C87 /* Pods.debug.xcconfig */,
				DC80BECF37063BA6DC858646 /* Pods.release.xcconfig */,
			);
			name = Pods;
			sourceTree = "<group>";
		};
/* End PBXGroup section */

/* Begin PBXNativeTarget section */
		1829BC211C3F895800388007 /* 手势解锁 */ = {
			isa = PBXNativeTarget;
			buildConfigurationList = 1829BC391C3F895800388007 /* Build configuration list for PBXNativeTarget "手势解锁" */;
			buildPhases = (
				01AF6CA8AC1A376C61CDB1E2 /* Check Pods Manifest.lock */,
				1829BC1E1C3F895800388007 /* Sources */,
				1829BC1F1C3F895800388007 /* Frameworks */,
				1829BC201C3F895800388007 /* Resources */,
				8ACD27339FBE42AD39C73100 /* Embed Pods Frameworks */,
				2C4A7EB5782B620BEB04B50C /* Copy Pods Resources */,
			);
			buildRules = (
			);
			dependencies = (
			);
			name = "手势解锁";
			productName = "手势解锁";
			productReference = 1829BC221C3F895800388007 /* 手势解锁.app */;
			productType = "com.apple.product-type.application";
		};
/* End PBXNativeTarget section */

/* Begin PBXProject section */
		1829BC1A1C3F895800388007 /* Project object */ = {
			isa = PBXProject;
			attributes = {
				LastUpgradeCheck = 0720;
				ORGANIZATIONNAME = ZZY;
				TargetAttributes = {
					1829BC211C3F895800388007 = {
						CreatedOnToolsVersion = 7.2;
						DevelopmentTeam = 7R5X3C7UD7;
					};
				};
			};
			buildConfigurationList = 1829BC1D1C3F895800388007 /* Build configuration list for PBXProject "手势解锁" */;
			compatibilityVersion = "Xcode 3.2";
			developmentRegion = English;
			hasScannedForEncodings = 0;
			knownRegions = (
				en,
				Base,
			);
			mainGroup = 1829BC191C3F895800388007;
			productRefGroup = 1829BC231C3F895800388007 /* Products */;
			projectDirPath = "";
			projectRoot = "";
			targets = (
				1829BC211C3F895800388007 /* 手势解锁 */,
			);
		};
/* End PBXProject section */

/* Begin PBXResourcesBuildPhase section */
		1829BC201C3F895800388007 /* Resources */ = {
			isa = PBXResourcesBuildPhase;
			buildActionMask = 2147483647;
			files = (
				1829BC351C3F895800388007 /* LaunchScreen.storyboard in Resources */,
				18017A4D1C3F8FB700DB9EF8 /* Assets.xcassets in Resources */,
				1829BC301C3F895800388007 /* Main.storyboard in Resources */,
			);
			runOnlyForDeploymentPostprocessing = 0;
		};
/* End PBXResourcesBuildPhase section */

/* Begin PBXShellScriptBuildPhase section */
		01AF6CA8AC1A376C61CDB1E2 /* Check Pods Manifest.lock */ = {
			isa = PBXShellScriptBuildPhase;
			buildActionMask = 2147483647;
			files = (
			);
			inputPaths = (
			);
			name = "Check Pods Manifest.lock";
			outputPaths = (
			);
			runOnlyForDeploymentPostprocessing = 0;
			shellPath = /bin/sh;
			shellScript = "diff \"${PODS_ROOT}/../Podfile.lock\" \"${PODS_ROOT}/Manifest.lock\" > /dev/null\nif [[ $? != 0 ]] ; then\n    cat << EOM\nerror: The sandbox is not in sync with the Podfile.lock. Run 'pod install' or update your CocoaPods installation.\nEOM\n    exit 1\nfi\n";
			showEnvVarsInLog = 0;
		};
		2C4A7EB5782B620BEB04B50C /* Copy Pods Resources */ = {
			isa = PBXShellScriptBuildPhase;
			buildActionMask = 2147483647;
			files = (
			);
			inputPaths = (
			);
			name = "Copy Pods Resources";
			outputPaths = (
			);
			runOnlyForDeploymentPostprocessing = 0;
			shellPath = /bin/sh;
			shellScript = "\"${SRCROOT}/Pods/Target Support Files/Pods/Pods-resources.sh\"\n";
			showEnvVarsInLog = 0;
		};
		8ACD27339FBE42AD39C73100 /* Embed Pods Frameworks */ = {
			isa = PBXShellScriptBuildPhase;
			buildActionMask = 2147483647;
			files = (
			);
			inputPaths = (
			);
			name = "Embed Pods Frameworks";
			outputPaths = (
			);
			runOnlyForDeploymentPostprocessing = 0;
			shellPath = /bin/sh;
			shellScript = "\"${SRCROOT}/Pods/Target Support Files/Pods/Pods-frameworks.sh\"\n";
			showEnvVarsInLog = 0;
		};
/* End PBXShellScriptBuildPhase section */

/* Begin PBXSourcesBuildPhase section */
		1829BC1E1C3F895800388007 /* Sources */ = {
			isa = PBXSourcesBuildPhase;
			buildActionMask = 2147483647;
			files = (
				18017A491C3F8C9400DB9EF8 /* ZYBGView.m in Sources */,
				1829BC2D1C3F895800388007 /* ViewController.m in Sources */,
				1829BC2A1C3F895800388007 /* AppDelegate.m in Sources */,
				1829BC271C3F895800388007 /* main.m in Sources */,
				18017A451C3F8BF700DB9EF8 /* ZYUnlockView.m in Sources */,
			);
			runOnlyForDeploymentPostprocessing = 0;
		};
/* End PBXSourcesBuildPhase section */

/* Begin PBXVariantGroup section */
		1829BC2E1C3F895800388007 /* Main.storyboard */ = {
			isa = PBXVariantGroup;
			children = (
				1829BC2F1C3F895800388007 /* Base */,
			);
			name = Main.storyboard;
			sourceTree = "<group>";
		};
		1829BC331C3F895800388007 /* LaunchScreen.storyboard */ = {
			isa = PBXVariantGroup;
			children = (
				1829BC341C3F895800388007 /* Base */,
			);
			name = LaunchScreen.storyboard;
			sourceTree = "<group>";
		};
/* End PBXVariantGroup section */

/* Begin XCBuildConfiguration section */
		1829BC371C3F895800388007 /* Debug */ = {
			isa = XCBuildConfiguration;
			buildSettings = {
				ALWAYS_SEARCH_USER_PATHS = NO;
				CLANG_CXX_LANGUAGE_STANDARD = "gnu++0x";
				CLANG_CXX_LIBRARY = "libc++";
				CLANG_ENABLE_MODULES = YES;
				CLANG_ENABLE_OBJC_ARC = YES;
				CLANG_WARN_BOOL_CONVERSION = YES;
				CLANG_WARN_CONSTANT_CONVERSION = YES;
				CLANG_WARN_DIRECT_OBJC_ISA_USAGE = YES_ERROR;
				CLANG_WARN_EMPTY_BODY = YES;
				CLANG_WARN_ENUM_CONVERSION = YES;
				CLANG_WARN_INT_CONVERSION = YES;
				CLANG_WARN_OBJC_ROOT_CLASS = YES_ERROR;
				CLANG_WARN_UNREACHABLE_CODE = YES;
				CLANG_WARN__DUPLICATE_METHOD_MATCH = YES;
				"CODE_SIGN_IDENTITY[sdk=iphoneos*]" = "iPhone Developer";
				COPY_PHASE_STRIP = NO;
				DEBUG_INFORMATION_FORMAT = dwarf;
				ENABLE_STRICT_OBJC_MSGSEND = YES;
				ENABLE_TESTABILITY = YES;
				GCC_C_LANGUAGE_STANDARD = gnu99;
				GCC_DYNAMIC_NO_PIC = NO;
				GCC_NO_COMMON_BLOCKS = YES;
				GCC_OPTIMIZATION_LEVEL = 0;
				GCC_PREFIX_HEADER = "$(SRCROOT)/手势解锁/PrefixHeader.pch";
				GCC_PREPROCESSOR_DEFINITIONS = (
					"DEBUG=1",
					"$(inherited)",
				);
				GCC_WARN_64_TO_32_BIT_CONVERSION = YES;
				GCC_WARN_ABOUT_RETURN_TYPE = YES_ERROR;
				GCC_WARN_UNDECLARED_SELECTOR = YES;
				GCC_WARN_UNINITIALIZED_AUTOS = YES_AGGRESSIVE;
				GCC_WARN_UNUSED_FUNCTION = YES;
				GCC_WARN_UNUSED_VARIABLE = YES;
				IPHONEOS_DEPLOYMENT_TARGET = 9.2;
				MTL_ENABLE_DEBUG_INFO = YES;
				ONLY_ACTIVE_ARCH = YES;
				SDKROOT = iphoneos;
			};
			name = Debug;
		};
		1829BC381C3F895800388007 /* Release */ = {
			isa = XCBuildConfiguration;
			buildSettings = {
				ALWAYS_SEARCH_USER_PATHS = NO;
				CLANG_CXX_LANGUAGE_STANDARD = "gnu++0x";
				CLANG_CXX_LIBRARY = "libc++";
				CLANG_ENABLE_MODULES = YES;
				CLANG_ENABLE_OBJC_ARC = YES;
				CLANG_WARN_BOOL_CONVERSION = YES;
				CLANG_WARN_CONSTANT_CONVERSION = YES;
				CLANG_WARN_DIRECT_OBJC_ISA_USAGE = YES_ERROR;
				CLANG_WARN_EMPTY_BODY = YES;
				CLANG_WARN_ENUM_CONVERSION = YES;
				CLANG_WARN_INT_CONVERSION = YES;
				CLANG_WARN_OBJC_ROOT_CLASS = YES_ERROR;
				CLANG_WARN_UNREACHABLE_CODE = YES;
				CLANG_WARN__DUPLICATE_METHOD_MATCH = YES;
				"CODE_SIGN_IDENTITY[sdk=iphoneos*]" = "iPhone Developer";
				COPY_PHASE_STRIP = NO;
				DEBUG_INFORMATION_FORMAT = "dwarf-with-dsym";
				ENABLE_NS_ASSERTIONS = NO;
				ENABLE_STRICT_OBJC_MSGSEND = YES;
				GCC_C_LANGUAGE_STANDARD = gnu99;
				GCC_NO_COMMON_BLOCKS = YES;
				GCC_PREFIX_HEADER = "$(SRCROOT)/手势解锁/PrefixHeader.pch";
				GCC_WARN_64_TO_32_BIT_CONVERSION = YES;
				GCC_WARN_ABOUT_RETURN_TYPE = YES_ERROR;
				GCC_WARN_UNDECLARED_SELECTOR = YES;
				GCC_WARN_UNINITIALIZED_AUTOS = YES_AGGRESSIVE;
				GCC_WARN_UNUSED_FUNCTION = YES;
				GCC_WARN_UNUSED_VARIABLE = YES;
				IPHONEOS_DEPLOYMENT_TARGET = 9.2;
				MTL_ENABLE_DEBUG_INFO = NO;
				SDKROOT = iphoneos;
				VALIDATE_PRODUCT = YES;
			};
			name = Release;
		};
		1829BC3A1C3F895800388007 /* Debug */ = {
			isa = XCBuildConfiguration;
			baseConfigurationReference = A8D6F008DDD4AFED4B459C87 /* Pods.debug.xcconfig */;
			buildSettings = {
				ASSETCATALOG_COMPILER_APPICON_NAME = AppIcon;
				INFOPLIST_FILE = "手势解锁/Info.plist";
				LD_RUNPATH_SEARCH_PATHS = "$(inherited) @executable_path/Frameworks";
				PRODUCT_BUNDLE_IDENTIFIER = "ZZY.----";
				PRODUCT_NAME = "$(TARGET_NAME)";
			};
			name = Debug;
		};
		1829BC3B1C3F895800388007 /* Release */ = {
			isa = XCBuildConfiguration;
			baseConfigurationReference = DC80BECF37063BA6DC858646 /* Pods.release.xcconfig */;
			buildSettings = {
				ASSETCATALOG_COMPILER_APPICON_NAME = AppIcon;
				INFOPLIST_FILE = "手势解锁/Info.plist";
				LD_RUNPATH_SEARCH_PATHS = "$(inherited) @executable_path/Frameworks";
				PRODUCT_BUNDLE_IDENTIFIER = "ZZY.----";
				PRODUCT_NAME = "$(TARGET_NAME)";
			};
			name = Release;
		};
/* End XCBuildConfiguration section */

/* Begin XCConfigurationList section */
		1829BC1D1C3F895800388007 /* Build configuration list for PBXProject "手势解锁" */ = {
			isa = XCConfigurationList;
			buildConfigurations = (
				1829BC371C3F895800388007 /* Debug */,
				1829BC381C3F895800388007 /* Release */,
			);
			defaultConfigurationIsVisible = 0;
			defaultConfigurationName = Release;
		};
		1829BC391C3F895800388007 /* Build configuration list for PBXNativeTarget "手势解锁" */ = {
			isa = XCConfigurationList;
			buildConfigurations = (
				1829BC3A1C3F895800388007 /* Debug */,
				1829BC3B1C3F895800388007 /* Release */,
			);
			defaultConfigurationIsVisible = 0;
			defaultConfigurationName = Release;
		};
/* End XCConfigurationList section */
	};
	rootObject = 1829BC1A1C3F895800388007 /* Project object */;
}
